
Microsoft Visual Studio Solution File, Format Version 12.00
# Visual Studio Version 17
VisualStudioVersion = 17.4.33403.182
MinimumVisualStudioVersion = 10.0.40219.1
Project("{9A19103F-16F7-4668-BE54-9A1E7A4F7556}") = "OnlineShop2.Api", "OnlineShop2.Api\OnlineShop2.Api.csproj", "{A581B50E-AFA4-4BCD-B644-B20A42E2F947}"
EndProject
Project("{9A19103F-16F7-4668-BE54-9A1E7A4F7556}") = "OnlineShop2.Database", "OnlineShop2.Database\OnlineShop2.Database.csproj", "{4B0FCF8F-304D-4A57-B9BE-F9CACE42FCC3}"
EndProject
Project("{9A19103F-16F7-4668-BE54-9A1E7A4F7556}") = "OnlineShop2.Dao", "OnlineShop2.Dao\OnlineShop2.Dao.csproj", "{31CE20E7-69A7-4A56-8C35-EC9C47AAE317}"
EndProject
Project("{FAE04EC0-301F-11D3-BF4B-00C04F79EFBC}") = "OnlineShop2.LegacyDb", "OnlineShop2.LegacyDb\OnlineShop2.LegacyDb.csproj", "{4140401B-680F-45D6-904C-241820ECE641}"
EndProject
Global
	GlobalSection(SolutionConfigurationPlatforms) = preSolution
		Debug|Any CPU = Debug|Any CPU
		Release|Any CPU = Release|Any CPU
	EndGlobalSection
	GlobalSection(ProjectConfigurationPlatforms) = postSolution
		{A581B50E-AFA4-4BCD-B644-B20A42E2F947}.Debug|Any CPU.ActiveCfg = Debug|Any CPU
		{A581B50E-AFA4-4BCD-B644-B20A42E2F947}.Debug|Any CPU.Build.0 = Debug|Any CPU
		{A581B50E-AFA4-4BCD-B644-B20A42E2F947}.Release|Any CPU.ActiveCfg = Release|Any CPU
		{A581B50E-AFA4-4BCD-B644-B20A42E2F947}.Release|Any CPU.Build.0 = Release|Any CPU
		{4B0FCF8F-304D-4A57-B9BE-F9CACE42FCC3}.Debug|Any CPU.ActiveCfg = Debug|Any CPU
		{4B0FCF8F-304D-4A57-B9BE-F9CACE42FCC3}.Debug|Any CPU.Build.0 = Debug|Any CPU
		{4B0FCF8F-304D-4A57-B9BE-F9CACE42FCC3}.Release|Any CPU.ActiveCfg = Release|Any CPU
		{4B0FCF8F-304D-4A57-B9BE-F9CACE42FCC3}.Release|Any CPU.Build.0 = Release|Any CPU
		{31CE20E7-69A7-4A56-8C35-EC9C47AAE317}.Debug|Any CPU.ActiveCfg = Debug|Any CPU
		{31CE20E7-69A7-4A56-8C35-EC9C47AAE317}.Debug|Any CPU.Build.0 = Debug|Any CPU
		{31CE20E7-69A7-4A56-8C35-EC9C47AAE317}.Release|Any CPU.ActiveCfg = Release|Any CPU
		{31CE20E7-69A7-4A56-8C35-EC9C47AAE317}.Release|Any CPU.Build.0 = Release|Any CPU
		{4140401B-680F-45D6-904C-241820ECE641}.Debug|Any CPU.ActiveCfg = Debug|Any CPU
		{4140401B-680F-45D6-904C-241820ECE641}.Debug|Any CPU.Build.0 = Debug|Any CPU
		{4140401B-680F-45D6-904C-241820ECE641}.Release|Any CPU.ActiveCfg = Release|Any CPU
		{4140401B-680F-45D6-904C-241820ECE641}.Release|Any CPU.Build.0 = Release|Any CPU
	EndGlobalSection
	GlobalSection(SolutionProperties) = preSolution
		HideSolutionNode = FALSE
	EndGlobalSection
	GlobalSection(ExtensibilityGlobals) = postSolution
		SolutionGuid = {AFA8F9CC-4EBC-4711-863A-2CC9ECBC3C2D}
	EndGlobalSection
EndGlobal
